
Microsoft Visual Studio Solution File, Format Version 12.00
# Visual Studio 15
VisualStudioVersion = 15.0.27428.2005
MinimumVisualStudioVersion = 10.0.40219.1
Project("{FAE04EC0-301F-11D3-BF4B-00C04F79EFBC}") = "pintar", "pintar\pintar.csproj", "{BBCB3177-685A-4B41-B9DD-F96B671DE2B0}"
EndProject
Global
	GlobalSection(SolutionConfigurationPlatforms) = preSolution
		Debug|Any CPU = Debug|Any CPU
		Release|Any CPU = Release|Any CPU
	EndGlobalSection
	GlobalSection(ProjectConfigurationPlatforms) = postSolution
		{BBCB3177-685A-4B41-B9DD-F96B671DE2B0}.Debug|Any CPU.ActiveCfg = Debug|Any CPU
		{BBCB3177-685A-4B41-B9DD-F96B671DE2B0}.Debug|Any CPU.Build.0 = Debug|Any CPU
		{BBCB3177-685A-4B41-B9DD-F96B671DE2B0}.Release|Any CPU.ActiveCfg = Release|Any CPU
		{BBCB3177-685A-4B41-B9DD-F96B671DE2B0}.Release|Any CPU.Build.0 = Release|Any CPU
	EndGlobalSection
	GlobalSection(SolutionProperties) = preSolution
		HideSolutionNode = FALSE
	EndGlobalSection
	GlobalSection(ExtensibilityGlobals) = postSolution
		SolutionGuid = {E1985B01-216A-4E34-BE80-4F6C9F419C93}
	EndGlobalSection
EndGlobal
